// !$*UTF8*$!
{
	archiveVersion = 1;
	classes = {
	};
	objectVersion = 55;
	objects = {

/* Begin PBXBuildFile section */
		AB04A49528521C9E00EC7C05 /* MovieDataService.swift in Sources */ = {isa = PBXBuildFile; fileRef = AB04A49428521C9E00EC7C05 /* MovieDataService.swift */; };
		AB04A49628521C9E00EC7C05 /* MovieDataService.swift in Sources */ = {isa = PBXBuildFile; fileRef = AB04A49428521C9E00EC7C05 /* MovieDataService.swift */; };
		AB04A49C285285BE00EC7C05 /* WidgetKit.framework in Frameworks */ = {isa = PBXBuildFile; fileRef = ABC4AD38284BB39300B5942A /* WidgetKit.framework */; };
		AB04A49D285285BE00EC7C05 /* SwiftUI.framework in Frameworks */ = {isa = PBXBuildFile; fileRef = ABC4AD3A284BB39300B5942A /* SwiftUI.framework */; };
		AB04A4A0285285BE00EC7C05 /* RewindWidget.swift in Sources */ = {isa = PBXBuildFile; fileRef = AB04A49F285285BE00EC7C05 /* RewindWidget.swift */; };
		AB04A4A2285285BF00EC7C05 /* Assets.xcassets in Resources */ = {isa = PBXBuildFile; fileRef = AB04A4A1285285BF00EC7C05 /* Assets.xcassets */; };
		AB04A4A6285285BF00EC7C05 /* RewindWidgetExtension.appex in Embed App Extensions */ = {isa = PBXBuildFile; fileRef = AB04A49B285285BE00EC7C05 /* RewindWidgetExtension.appex */; settings = {ATTRIBUTES = (RemoveHeadersOnCopy, ); }; };
		AB04A4AB285285DB00EC7C05 /* Utils.swift in Sources */ = {isa = PBXBuildFile; fileRef = ABC4AD26284B677100B5942A /* Utils.swift */; };
		AB04A4AD285285DB00EC7C05 /* MovieDataService.swift in Sources */ = {isa = PBXBuildFile; fileRef = AB04A49428521C9E00EC7C05 /* MovieDataService.swift */; };
		AB04A4B1285285DB00EC7C05 /* Movie.swift in Sources */ = {isa = PBXBuildFile; fileRef = ABC4AD1F284B631800B5942A /* Movie.swift */; };
		AB04A4B52852BCF200EC7C05 /* MediumSizeView.swift in Sources */ = {isa = PBXBuildFile; fileRef = AB04A4B42852BCF200EC7C05 /* MediumSizeView.swift */; };
		AB04A4B72852BD0D00EC7C05 /* LargeSizeView.swift in Sources */ = {isa = PBXBuildFile; fileRef = AB04A4B62852BD0D00EC7C05 /* LargeSizeView.swift */; };
		AB04A4B92852C8DA00EC7C05 /* SmallSizeView.swift in Sources */ = {isa = PBXBuildFile; fileRef = AB04A4B82852C8DA00EC7C05 /* SmallSizeView.swift */; };
		AB28DEC1281374C4001F3471 /* SwidgetApp.swift in Sources */ = {isa = PBXBuildFile; fileRef = AB28DEC0281374C4001F3471 /* SwidgetApp.swift */; };
		AB28DEC3281374C4001F3471 /* StartPageView.swift in Sources */ = {isa = PBXBuildFile; fileRef = AB28DEC2281374C4001F3471 /* StartPageView.swift */; };
		AB28DEC5281374C6001F3471 /* Assets.xcassets in Resources */ = {isa = PBXBuildFile; fileRef = AB28DEC4281374C6001F3471 /* Assets.xcassets */; };
		AB28DEC8281374C6001F3471 /* Preview Assets.xcassets in Resources */ = {isa = PBXBuildFile; fileRef = AB28DEC7281374C6001F3471 /* Preview Assets.xcassets */; };
		AB3AA754285539800006EA4F /* MediumSizeView.swift in Sources */ = {isa = PBXBuildFile; fileRef = AB3AA753285539800006EA4F /* MediumSizeView.swift */; };
		AB3AA756285539930006EA4F /* LargeSizeView.swift in Sources */ = {isa = PBXBuildFile; fileRef = AB3AA755285539930006EA4F /* LargeSizeView.swift */; };
		AB3AA75D28563E160006EA4F /* Intents.framework in Frameworks */ = {isa = PBXBuildFile; fileRef = AB3AA75C28563E160006EA4F /* Intents.framework */; };
		AB3AA76028563E160006EA4F /* IntentHandler.swift in Sources */ = {isa = PBXBuildFile; fileRef = AB3AA75F28563E160006EA4F /* IntentHandler.swift */; };
		AB3AA76428563E160006EA4F /* SwidgetIntents.appex in Embed App Extensions */ = {isa = PBXBuildFile; fileRef = AB3AA75B28563E160006EA4F /* SwidgetIntents.appex */; settings = {ATTRIBUTES = (RemoveHeadersOnCopy, ); }; };
		AB3AA76828563E4F0006EA4F /* CategoryWidget.intentdefinition in Sources */ = {isa = PBXBuildFile; fileRef = AB98D4FF2853DC6000F95561 /* CategoryWidget.intentdefinition */; };
		AB3AA769285641740006EA4F /* IntentHandler.swift in Sources */ = {isa = PBXBuildFile; fileRef = AB3AA75F28563E160006EA4F /* IntentHandler.swift */; };
		AB3AA76A285673120006EA4F /* CategoryWidget.intentdefinition in Sources */ = {isa = PBXBuildFile; fileRef = AB98D4FF2853DC6000F95561 /* CategoryWidget.intentdefinition */; };
		AB3AA76C2857CAA20006EA4F /* SearchMovieView.swift in Sources */ = {isa = PBXBuildFile; fileRef = AB3AA76B2857CAA20006EA4F /* SearchMovieView.swift */; };
		AB3AA76E2857D6220006EA4F /* MovieDetailView.swift in Sources */ = {isa = PBXBuildFile; fileRef = AB3AA76D2857D6220006EA4F /* MovieDetailView.swift */; };
		AB3AA7742858E55A0006EA4F /* SearchBar.swift in Sources */ = {isa = PBXBuildFile; fileRef = AB3AA7732858E55A0006EA4F /* SearchBar.swift */; };
		AB3AA777285A7DFA0006EA4F /* AppDataModel.swift in Sources */ = {isa = PBXBuildFile; fileRef = AB3AA776285A7DFA0006EA4F /* AppDataModel.swift */; };
		AB98D4FA2853DC6000F95561 /* WidgetKit.framework in Frameworks */ = {isa = PBXBuildFile; fileRef = ABC4AD38284BB39300B5942A /* WidgetKit.framework */; };
		AB98D4FB2853DC6000F95561 /* SwiftUI.framework in Frameworks */ = {isa = PBXBuildFile; fileRef = ABC4AD3A284BB39300B5942A /* SwiftUI.framework */; };
		AB98D4FE2853DC6000F95561 /* CategoryWidget.swift in Sources */ = {isa = PBXBuildFile; fileRef = AB98D4FD2853DC6000F95561 /* CategoryWidget.swift */; };
		AB98D5012853DC6100F95561 /* Assets.xcassets in Resources */ = {isa = PBXBuildFile; fileRef = AB98D5002853DC6100F95561 /* Assets.xcassets */; };
		AB98D5032853DC6100F95561 /* CategoryWidget.intentdefinition in Sources */ = {isa = PBXBuildFile; fileRef = AB98D4FF2853DC6000F95561 /* CategoryWidget.intentdefinition */; };
		AB98D5072853DC6100F95561 /* CategoryWidgetExtension.appex in Embed App Extensions */ = {isa = PBXBuildFile; fileRef = AB98D4F92853DC6000F95561 /* CategoryWidgetExtension.appex */; settings = {ATTRIBUTES = (RemoveHeadersOnCopy, ); }; };
		AB98D50D2853DCA800F95561 /* MovieDataService.swift in Sources */ = {isa = PBXBuildFile; fileRef = AB04A49428521C9E00EC7C05 /* MovieDataService.swift */; };
		AB98D50F2853DCA800F95561 /* Movie.swift in Sources */ = {isa = PBXBuildFile; fileRef = ABC4AD1F284B631800B5942A /* Movie.swift */; };
		AB98D5102853DCA800F95561 /* Utils.swift in Sources */ = {isa = PBXBuildFile; fileRef = ABC4AD26284B677100B5942A /* Utils.swift */; };
		ABA916B3284CEA8E0089A9E9 /* MediumSizeView.swift in Sources */ = {isa = PBXBuildFile; fileRef = ABA916B2284CEA8E0089A9E9 /* MediumSizeView.swift */; };
		ABA916B5284CEAAB0089A9E9 /* SmallSizeView.swift in Sources */ = {isa = PBXBuildFile; fileRef = ABA916B4284CEAAB0089A9E9 /* SmallSizeView.swift */; };
		ABA916BA284D11020089A9E9 /* MovieSliderView.swift in Sources */ = {isa = PBXBuildFile; fileRef = ABA916B9284D11020089A9E9 /* MovieSliderView.swift */; };
		ABA916BC284D15570089A9E9 /* MoviesOverviewView.swift in Sources */ = {isa = PBXBuildFile; fileRef = ABA916BB284D15570089A9E9 /* MoviesOverviewView.swift */; };
		ABC4AD20284B631800B5942A /* Movie.swift in Sources */ = {isa = PBXBuildFile; fileRef = ABC4AD1F284B631800B5942A /* Movie.swift */; };
		ABC4AD27284B677100B5942A /* Utils.swift in Sources */ = {isa = PBXBuildFile; fileRef = ABC4AD26284B677100B5942A /* Utils.swift */; };
		ABC4AD39284BB39300B5942A /* WidgetKit.framework in Frameworks */ = {isa = PBXBuildFile; fileRef = ABC4AD38284BB39300B5942A /* WidgetKit.framework */; };
		ABC4AD3B284BB39300B5942A /* SwiftUI.framework in Frameworks */ = {isa = PBXBuildFile; fileRef = ABC4AD3A284BB39300B5942A /* SwiftUI.framework */; };
		ABC4AD3E284BB39300B5942A /* RandomMovieWidget.swift in Sources */ = {isa = PBXBuildFile; fileRef = ABC4AD3D284BB39300B5942A /* RandomMovieWidget.swift */; };
		ABC4AD40284BB39400B5942A /* Assets.xcassets in Resources */ = {isa = PBXBuildFile; fileRef = ABC4AD3F284BB39400B5942A /* Assets.xcassets */; };
		ABC4AD44284BB39400B5942A /* RandomMovieWidgetExtension.appex in Embed App Extensions */ = {isa = PBXBuildFile; fileRef = ABC4AD36284BB39300B5942A /* RandomMovieWidgetExtension.appex */; settings = {ATTRIBUTES = (RemoveHeadersOnCopy, ); }; };
		ABC4AD4B284BB43E00B5942A /* Movie.swift in Sources */ = {isa = PBXBuildFile; fileRef = ABC4AD1F284B631800B5942A /* Movie.swift */; };
		ABC4AD4F284BB50400B5942A /* Utils.swift in Sources */ = {isa = PBXBuildFile; fileRef = ABC4AD26284B677100B5942A /* Utils.swift */; };
/* End PBXBuildFile section */

/* Begin PBXContainerItemProxy section */
		AB04A4A4285285BF00EC7C05 /* PBXContainerItemProxy */ = {
			isa = PBXContainerItemProxy;
			containerPortal = AB28DEB5281374C4001F3471 /* Project object */;
			proxyType = 1;
			remoteGlobalIDString = AB04A49A285285BE00EC7C05;
			remoteInfo = RewindWidgetExtension;
		};
		AB3AA76228563E160006EA4F /* PBXContainerItemProxy */ = {
			isa = PBXContainerItemProxy;
			containerPortal = AB28DEB5281374C4001F3471 /* Project object */;
			proxyType = 1;
			remoteGlobalIDString = AB3AA75A28563E160006EA4F;
			remoteInfo = SwidgetIntents;
		};
		AB98D5052853DC6100F95561 /* PBXContainerItemProxy */ = {
			isa = PBXContainerItemProxy;
			containerPortal = AB28DEB5281374C4001F3471 /* Project object */;
			proxyType = 1;
			remoteGlobalIDString = AB98D4F82853DC6000F95561;
			remoteInfo = CategoryWidgetExtension;
		};
		ABC4AD42284BB39400B5942A /* PBXContainerItemProxy */ = {
			isa = PBXContainerItemProxy;
			containerPortal = AB28DEB5281374C4001F3471 /* Project object */;
			proxyType = 1;
			remoteGlobalIDString = ABC4AD35284BB39300B5942A;
			remoteInfo = RandomMovieWidgetExtension;
		};
/* End PBXContainerItemProxy section */

/* Begin PBXCopyFilesBuildPhase section */
		ABC4AD48284BB39400B5942A /* Embed App Extensions */ = {
			isa = PBXCopyFilesBuildPhase;
			buildActionMask = 2147483647;
			dstPath = "";
			dstSubfolderSpec = 13;
			files = (
				AB3AA76428563E160006EA4F /* SwidgetIntents.appex in Embed App Extensions */,
				ABC4AD44284BB39400B5942A /* RandomMovieWidgetExtension.appex in Embed App Extensions */,
				AB98D5072853DC6100F95561 /* CategoryWidgetExtension.appex in Embed App Extensions */,
				AB04A4A6285285BF00EC7C05 /* RewindWidgetExtension.appex in Embed App Extensions */,
			);
			name = "Embed App Extensions";
			runOnlyForDeploymentPostprocessing = 0;
		};
/* End PBXCopyFilesBuildPhase section */

/* Begin PBXFileReference section */
		AB04A49428521C9E00EC7C05 /* MovieDataService.swift */ = {isa = PBXFileReference; lastKnownFileType = sourcecode.swift; path = MovieDataService.swift; sourceTree = "<group>"; };
		AB04A49B285285BE00EC7C05 /* RewindWidgetExtension.appex */ = {isa = PBXFileReference; explicitFileType = "wrapper.app-extension"; includeInIndex = 0; path = RewindWidgetExtension.appex; sourceTree = BUILT_PRODUCTS_DIR; };
		AB04A49F285285BE00EC7C05 /* RewindWidget.swift */ = {isa = PBXFileReference; lastKnownFileType = sourcecode.swift; path = RewindWidget.swift; sourceTree = "<group>"; };
		AB04A4A1285285BF00EC7C05 /* Assets.xcassets */ = {isa = PBXFileReference; lastKnownFileType = folder.assetcatalog; path = Assets.xcassets; sourceTree = "<group>"; };
		AB04A4A3285285BF00EC7C05 /* Info.plist */ = {isa = PBXFileReference; lastKnownFileType = text.plist.xml; path = Info.plist; sourceTree = "<group>"; };
		AB04A4B42852BCF200EC7C05 /* MediumSizeView.swift */ = {isa = PBXFileReference; lastKnownFileType = sourcecode.swift; path = MediumSizeView.swift; sourceTree = "<group>"; };
		AB04A4B62852BD0D00EC7C05 /* LargeSizeView.swift */ = {isa = PBXFileReference; lastKnownFileType = sourcecode.swift; path = LargeSizeView.swift; sourceTree = "<group>"; };
		AB04A4B82852C8DA00EC7C05 /* SmallSizeView.swift */ = {isa = PBXFileReference; lastKnownFileType = sourcecode.swift; path = SmallSizeView.swift; sourceTree = "<group>"; };
		AB28DEBD281374C4001F3471 /* Swidget.app */ = {isa = PBXFileReference; explicitFileType = wrapper.application; includeInIndex = 0; path = Swidget.app; sourceTree = BUILT_PRODUCTS_DIR; };
		AB28DEC0281374C4001F3471 /* SwidgetApp.swift */ = {isa = PBXFileReference; lastKnownFileType = sourcecode.swift; path = SwidgetApp.swift; sourceTree = "<group>"; };
		AB28DEC2281374C4001F3471 /* StartPageView.swift */ = {isa = PBXFileReference; lastKnownFileType = sourcecode.swift; path = StartPageView.swift; sourceTree = "<group>"; };
		AB28DEC4281374C6001F3471 /* Assets.xcassets */ = {isa = PBXFileReference; lastKnownFileType = folder.assetcatalog; path = Assets.xcassets; sourceTree = "<group>"; };
		AB28DEC7281374C6001F3471 /* Preview Assets.xcassets */ = {isa = PBXFileReference; lastKnownFileType = folder.assetcatalog; path = "Preview Assets.xcassets"; sourceTree = "<group>"; };
		AB3AA753285539800006EA4F /* MediumSizeView.swift */ = {isa = PBXFileReference; lastKnownFileType = sourcecode.swift; path = MediumSizeView.swift; sourceTree = "<group>"; };
		AB3AA755285539930006EA4F /* LargeSizeView.swift */ = {isa = PBXFileReference; lastKnownFileType = sourcecode.swift; path = LargeSizeView.swift; sourceTree = "<group>"; };
		AB3AA75B28563E160006EA4F /* SwidgetIntents.appex */ = {isa = PBXFileReference; explicitFileType = "wrapper.app-extension"; includeInIndex = 0; path = SwidgetIntents.appex; sourceTree = BUILT_PRODUCTS_DIR; };
		AB3AA75C28563E160006EA4F /* Intents.framework */ = {isa = PBXFileReference; lastKnownFileType = wrapper.framework; name = Intents.framework; path = System/Library/Frameworks/Intents.framework; sourceTree = SDKROOT; };
		AB3AA75F28563E160006EA4F /* IntentHandler.swift */ = {isa = PBXFileReference; lastKnownFileType = sourcecode.swift; path = IntentHandler.swift; sourceTree = "<group>"; };
		AB3AA76128563E160006EA4F /* Info.plist */ = {isa = PBXFileReference; lastKnownFileType = text.plist.xml; path = Info.plist; sourceTree = "<group>"; };
		AB3AA76B2857CAA20006EA4F /* SearchMovieView.swift */ = {isa = PBXFileReference; lastKnownFileType = sourcecode.swift; path = SearchMovieView.swift; sourceTree = "<group>"; };
		AB3AA76D2857D6220006EA4F /* MovieDetailView.swift */ = {isa = PBXFileReference; lastKnownFileType = sourcecode.swift; path = MovieDetailView.swift; sourceTree = "<group>"; };
		AB3AA7732858E55A0006EA4F /* SearchBar.swift */ = {isa = PBXFileReference; lastKnownFileType = sourcecode.swift; path = SearchBar.swift; sourceTree = "<group>"; };
		AB3AA776285A7DFA0006EA4F /* AppDataModel.swift */ = {isa = PBXFileReference; lastKnownFileType = sourcecode.swift; path = AppDataModel.swift; sourceTree = "<group>"; };
		AB98D4F92853DC6000F95561 /* CategoryWidgetExtension.appex */ = {isa = PBXFileReference; explicitFileType = "wrapper.app-extension"; includeInIndex = 0; path = CategoryWidgetExtension.appex; sourceTree = BUILT_PRODUCTS_DIR; };
		AB98D4FD2853DC6000F95561 /* CategoryWidget.swift */ = {isa = PBXFileReference; lastKnownFileType = sourcecode.swift; path = CategoryWidget.swift; sourceTree = "<group>"; };
		AB98D4FF2853DC6000F95561 /* CategoryWidget.intentdefinition */ = {isa = PBXFileReference; lastKnownFileType = file.intentdefinition; path = CategoryWidget.intentdefinition; sourceTree = "<group>"; };
		AB98D5002853DC6100F95561 /* Assets.xcassets */ = {isa = PBXFileReference; lastKnownFileType = folder.assetcatalog; path = Assets.xcassets; sourceTree = "<group>"; };
		AB98D5022853DC6100F95561 /* Info.plist */ = {isa = PBXFileReference; lastKnownFileType = text.plist.xml; path = Info.plist; sourceTree = "<group>"; };
		AB98D5112853E41900F95561 /* Info.plist */ = {isa = PBXFileReference; lastKnownFileType = text.plist; path = Info.plist; sourceTree = "<group>"; };
		ABA916B2284CEA8E0089A9E9 /* MediumSizeView.swift */ = {isa = PBXFileReference; lastKnownFileType = sourcecode.swift; path = MediumSizeView.swift; sourceTree = "<group>"; };
		ABA916B4284CEAAB0089A9E9 /* SmallSizeView.swift */ = {isa = PBXFileReference; lastKnownFileType = sourcecode.swift; path = SmallSizeView.swift; sourceTree = "<group>"; };
		ABA916B9284D11020089A9E9 /* MovieSliderView.swift */ = {isa = PBXFileReference; lastKnownFileType = sourcecode.swift; path = MovieSliderView.swift; sourceTree = "<group>"; };
		ABA916BB284D15570089A9E9 /* MoviesOverviewView.swift */ = {isa = PBXFileReference; lastKnownFileType = sourcecode.swift; path = MoviesOverviewView.swift; sourceTree = "<group>"; };
		ABC4AD1F284B631800B5942A /* Movie.swift */ = {isa = PBXFileReference; lastKnownFileType = sourcecode.swift; path = Movie.swift; sourceTree = "<group>"; };
		ABC4AD26284B677100B5942A /* Utils.swift */ = {isa = PBXFileReference; lastKnownFileType = sourcecode.swift; path = Utils.swift; sourceTree = "<group>"; };
		ABC4AD36284BB39300B5942A /* RandomMovieWidgetExtension.appex */ = {isa = PBXFileReference; explicitFileType = "wrapper.app-extension"; includeInIndex = 0; path = RandomMovieWidgetExtension.appex; sourceTree = BUILT_PRODUCTS_DIR; };
		ABC4AD38284BB39300B5942A /* WidgetKit.framework */ = {isa = PBXFileReference; lastKnownFileType = wrapper.framework; name = WidgetKit.framework; path = System/Library/Frameworks/WidgetKit.framework; sourceTree = SDKROOT; };
		ABC4AD3A284BB39300B5942A /* SwiftUI.framework */ = {isa = PBXFileReference; lastKnownFileType = wrapper.framework; name = SwiftUI.framework; path = System/Library/Frameworks/SwiftUI.framework; sourceTree = SDKROOT; };
		ABC4AD3D284BB39300B5942A /* RandomMovieWidget.swift */ = {isa = PBXFileReference; lastKnownFileType = sourcecode.swift; path = RandomMovieWidget.swift; sourceTree = "<group>"; };
		ABC4AD3F284BB39400B5942A /* Assets.xcassets */ = {isa = PBXFileReference; lastKnownFileType = folder.assetcatalog; path = Assets.xcassets; sourceTree = "<group>"; };
		ABC4AD41284BB39400B5942A /* Info.plist */ = {isa = PBXFileReference; lastKnownFileType = text.plist.xml; path = Info.plist; sourceTree = "<group>"; };
/* End PBXFileReference section */

/* Begin PBXFrameworksBuildPhase section */
		AB04A498285285BE00EC7C05 /* Frameworks */ = {
			isa = PBXFrameworksBuildPhase;
			buildActionMask = 2147483647;
			files = (
				AB04A49D285285BE00EC7C05 /* SwiftUI.framework in Frameworks */,
				AB04A49C285285BE00EC7C05 /* WidgetKit.framework in Frameworks */,
			);
			runOnlyForDeploymentPostprocessing = 0;
		};
		AB28DEBA281374C4001F3471 /* Frameworks */ = {
			isa = PBXFrameworksBuildPhase;
			buildActionMask = 2147483647;
			files = (
			);
			runOnlyForDeploymentPostprocessing = 0;
		};
		AB3AA75828563E160006EA4F /* Frameworks */ = {
			isa = PBXFrameworksBuildPhase;
			buildActionMask = 2147483647;
			files = (
				AB3AA75D28563E160006EA4F /* Intents.framework in Frameworks */,
			);
			runOnlyForDeploymentPostprocessing = 0;
		};
		AB98D4F62853DC6000F95561 /* Frameworks */ = {
			isa = PBXFrameworksBuildPhase;
			buildActionMask = 2147483647;
			files = (
				AB98D4FB2853DC6000F95561 /* SwiftUI.framework in Frameworks */,
				AB98D4FA2853DC6000F95561 /* WidgetKit.framework in Frameworks */,
			);
			runOnlyForDeploymentPostprocessing = 0;
		};
		ABC4AD33284BB39300B5942A /* Frameworks */ = {
			isa = PBXFrameworksBuildPhase;
			buildActionMask = 2147483647;
			files = (
				ABC4AD3B284BB39300B5942A /* SwiftUI.framework in Frameworks */,
				ABC4AD39284BB39300B5942A /* WidgetKit.framework in Frameworks */,
			);
			runOnlyForDeploymentPostprocessing = 0;
		};
/* End PBXFrameworksBuildPhase section */

/* Begin PBXGroup section */
		AB04A49E285285BE00EC7C05 /* RewindWidget */ = {
			isa = PBXGroup;
			children = (
				AB04A4B32852BCCB00EC7C05 /* Views */,
				AB04A49F285285BE00EC7C05 /* RewindWidget.swift */,
				AB04A4A1285285BF00EC7C05 /* Assets.xcassets */,
				AB04A4A3285285BF00EC7C05 /* Info.plist */,
			);
			path = RewindWidget;
			sourceTree = "<group>";
		};
		AB04A4B32852BCCB00EC7C05 /* Views */ = {
			isa = PBXGroup;
			children = (
				AB04A4B82852C8DA00EC7C05 /* SmallSizeView.swift */,
				AB04A4B42852BCF200EC7C05 /* MediumSizeView.swift */,
				AB04A4B62852BD0D00EC7C05 /* LargeSizeView.swift */,
			);
			path = Views;
			sourceTree = "<group>";
		};
		AB28DEB4281374C4001F3471 = {
			isa = PBXGroup;
			children = (
				AB28DEBF281374C4001F3471 /* Swidget */,
				ABC4AD3C284BB39300B5942A /* RandomMovieWidget */,
				AB04A49E285285BE00EC7C05 /* RewindWidget */,
				AB98D4FC2853DC6000F95561 /* CategoryWidget */,
				AB3AA75E28563E160006EA4F /* SwidgetIntents */,
				ABC4AD37284BB39300B5942A /* Frameworks */,
				AB28DEBE281374C4001F3471 /* Products */,
			);
			sourceTree = "<group>";
		};
		AB28DEBE281374C4001F3471 /* Products */ = {
			isa = PBXGroup;
			children = (
				AB28DEBD281374C4001F3471 /* Swidget.app */,
				ABC4AD36284BB39300B5942A /* RandomMovieWidgetExtension.appex */,
				AB04A49B285285BE00EC7C05 /* RewindWidgetExtension.appex */,
				AB98D4F92853DC6000F95561 /* CategoryWidgetExtension.appex */,
				AB3AA75B28563E160006EA4F /* SwidgetIntents.appex */,
			);
			name = Products;
			sourceTree = "<group>";
		};
		AB28DEBF281374C4001F3471 /* Swidget */ = {
			isa = PBXGroup;
			children = (
				AB98D5112853E41900F95561 /* Info.plist */,
				AB3AA775285A7DE00006EA4F /* ViewModel */,
				ABC4AD2A284B78F900B5942A /* Views */,
				ABC4AD21284B642100B5942A /* Services */,
				ABC4AD1E284B62FA00B5942A /* Models */,
				AB3AA76F2858E43C0006EA4F /* Tools */,
				AB28DEC4281374C6001F3471 /* Assets.xcassets */,
				AB28DEC0281374C4001F3471 /* SwidgetApp.swift */,
				AB28DEC6281374C6001F3471 /* Preview Content */,
			);
			path = Swidget;
			sourceTree = "<group>";
		};
		AB28DEC6281374C6001F3471 /* Preview Content */ = {
			isa = PBXGroup;
			children = (
				AB28DEC7281374C6001F3471 /* Preview Assets.xcassets */,
			);
			path = "Preview Content";
			sourceTree = "<group>";
		};
		AB3AA752285539600006EA4F /* Views */ = {
			isa = PBXGroup;
			children = (
				AB3AA753285539800006EA4F /* MediumSizeView.swift */,
				AB3AA755285539930006EA4F /* LargeSizeView.swift */,
			);
			path = Views;
			sourceTree = "<group>";
		};
		AB3AA75E28563E160006EA4F /* SwidgetIntents */ = {
			isa = PBXGroup;
			children = (
				AB3AA75F28563E160006EA4F /* IntentHandler.swift */,
				AB3AA76128563E160006EA4F /* Info.plist */,
			);
			path = SwidgetIntents;
			sourceTree = "<group>";
		};
		AB3AA76F2858E43C0006EA4F /* Tools */ = {
			isa = PBXGroup;
			children = (
				ABC4AD26284B677100B5942A /* Utils.swift */,
				AB3AA7732858E55A0006EA4F /* SearchBar.swift */,
			);
			path = Tools;
			sourceTree = "<group>";
		};
		AB3AA775285A7DE00006EA4F /* ViewModel */ = {
			isa = PBXGroup;
			children = (
				AB3AA776285A7DFA0006EA4F /* AppDataModel.swift */,
			);
			path = ViewModel;
			sourceTree = "<group>";
		};
		AB98D4FC2853DC6000F95561 /* CategoryWidget */ = {
			isa = PBXGroup;
			children = (
				AB3AA752285539600006EA4F /* Views */,
				AB98D4FD2853DC6000F95561 /* CategoryWidget.swift */,
				AB98D4FF2853DC6000F95561 /* CategoryWidget.intentdefinition */,
				AB98D5002853DC6100F95561 /* Assets.xcassets */,
				AB98D5022853DC6100F95561 /* Info.plist */,
			);
			path = CategoryWidget;
			sourceTree = "<group>";
		};
		ABA916B6284CEAC20089A9E9 /* Views */ = {
			isa = PBXGroup;
			children = (
				ABA916B4284CEAAB0089A9E9 /* SmallSizeView.swift */,
				ABA916B2284CEA8E0089A9E9 /* MediumSizeView.swift */,
			);
			path = Views;
			sourceTree = "<group>";
		};
		ABC4AD1E284B62FA00B5942A /* Models */ = {
			isa = PBXGroup;
			children = (
				ABC4AD1F284B631800B5942A /* Movie.swift */,
			);
			path = Models;
			sourceTree = "<group>";
		};
		ABC4AD21284B642100B5942A /* Services */ = {
			isa = PBXGroup;
			children = (
				AB04A49428521C9E00EC7C05 /* MovieDataService.swift */,
			);
			path = Services;
			sourceTree = "<group>";
		};
		ABC4AD2A284B78F900B5942A /* Views */ = {
			isa = PBXGroup;
			children = (
				AB28DEC2281374C4001F3471 /* StartPageView.swift */,
				ABA916BB284D15570089A9E9 /* MoviesOverviewView.swift */,
				ABA916B9284D11020089A9E9 /* MovieSliderView.swift */,
				AB3AA76B2857CAA20006EA4F /* SearchMovieView.swift */,
				AB3AA76D2857D6220006EA4F /* MovieDetailView.swift */,
			);
			path = Views;
			sourceTree = "<group>";
		};
		ABC4AD37284BB39300B5942A /* Frameworks */ = {
			isa = PBXGroup;
			children = (
				ABC4AD38284BB39300B5942A /* WidgetKit.framework */,
				ABC4AD3A284BB39300B5942A /* SwiftUI.framework */,
				AB3AA75C28563E160006EA4F /* Intents.framework */,
			);
			name = Frameworks;
			sourceTree = "<group>";
		};
		ABC4AD3C284BB39300B5942A /* RandomMovieWidget */ = {
			isa = PBXGroup;
			children = (
				ABA916B6284CEAC20089A9E9 /* Views */,
				ABC4AD3D284BB39300B5942A /* RandomMovieWidget.swift */,
				ABC4AD3F284BB39400B5942A /* Assets.xcassets */,
				ABC4AD41284BB39400B5942A /* Info.plist */,
			);
			path = RandomMovieWidget;
			sourceTree = "<group>";
		};
/* End PBXGroup section */

/* Begin PBXNativeTarget section */
		AB04A49A285285BE00EC7C05 /* RewindWidgetExtension */ = {
			isa = PBXNativeTarget;
			buildConfigurationList = AB04A4A7285285BF00EC7C05 /* Build configuration list for PBXNativeTarget "RewindWidgetExtension" */;
			buildPhases = (
				AB04A497285285BE00EC7C05 /* Sources */,
				AB04A498285285BE00EC7C05 /* Frameworks */,
				AB04A499285285BE00EC7C05 /* Resources */,
			);
			buildRules = (
			);
			dependencies = (
			);
			name = RewindWidgetExtension;
			productName = RewindWidgetExtension;
			productReference = AB04A49B285285BE00EC7C05 /* RewindWidgetExtension.appex */;
			productType = "com.apple.product-type.app-extension";
		};
		AB28DEBC281374C4001F3471 /* Swidget */ = {
			isa = PBXNativeTarget;
			buildConfigurationList = AB28DECB281374C6001F3471 /* Build configuration list for PBXNativeTarget "Swidget" */;
			buildPhases = (
				AB28DEB9281374C4001F3471 /* Sources */,
				AB28DEBA281374C4001F3471 /* Frameworks */,
				AB28DEBB281374C4001F3471 /* Resources */,
				ABC4AD48284BB39400B5942A /* Embed App Extensions */,
			);
			buildRules = (
			);
			dependencies = (
				ABC4AD43284BB39400B5942A /* PBXTargetDependency */,
				AB04A4A5285285BF00EC7C05 /* PBXTargetDependency */,
				AB98D5062853DC6100F95561 /* PBXTargetDependency */,
				AB3AA76328563E160006EA4F /* PBXTargetDependency */,
			);
			name = Swidget;
			productName = Swidget;
			productReference = AB28DEBD281374C4001F3471 /* Swidget.app */;
			productType = "com.apple.product-type.application";
		};
		AB3AA75A28563E160006EA4F /* SwidgetIntents */ = {
			isa = PBXNativeTarget;
			buildConfigurationList = AB3AA76528563E160006EA4F /* Build configuration list for PBXNativeTarget "SwidgetIntents" */;
			buildPhases = (
				AB3AA75728563E160006EA4F /* Sources */,
				AB3AA75828563E160006EA4F /* Frameworks */,
				AB3AA75928563E160006EA4F /* Resources */,
			);
			buildRules = (
			);
			dependencies = (
			);
			name = SwidgetIntents;
			productName = SwidgetIntents;
			productReference = AB3AA75B28563E160006EA4F /* SwidgetIntents.appex */;
			productType = "com.apple.product-type.app-extension";
		};
		AB98D4F82853DC6000F95561 /* CategoryWidgetExtension */ = {
			isa = PBXNativeTarget;
			buildConfigurationList = AB98D50A2853DC6100F95561 /* Build configuration list for PBXNativeTarget "CategoryWidgetExtension" */;
			buildPhases = (
				AB98D4F52853DC6000F95561 /* Sources */,
				AB98D4F62853DC6000F95561 /* Frameworks */,
				AB98D4F72853DC6000F95561 /* Resources */,
			);
			buildRules = (
			);
			dependencies = (
			);
			name = CategoryWidgetExtension;
			productName = CategoryWidgetExtension;
			productReference = AB98D4F92853DC6000F95561 /* CategoryWidgetExtension.appex */;
			productType = "com.apple.product-type.app-extension";
		};
		ABC4AD35284BB39300B5942A /* RandomMovieWidgetExtension */ = {
			isa = PBXNativeTarget;
			buildConfigurationList = ABC4AD45284BB39400B5942A /* Build configuration list for PBXNativeTarget "RandomMovieWidgetExtension" */;
			buildPhases = (
				ABC4AD32284BB39300B5942A /* Sources */,
				ABC4AD33284BB39300B5942A /* Frameworks */,
				ABC4AD34284BB39300B5942A /* Resources */,
			);
			buildRules = (
			);
			dependencies = (
			);
			name = RandomMovieWidgetExtension;
			productName = RandomMovieWidgetExtension;
			productReference = ABC4AD36284BB39300B5942A /* RandomMovieWidgetExtension.appex */;
			productType = "com.apple.product-type.app-extension";
		};
/* End PBXNativeTarget section */

/* Begin PBXProject section */
		AB28DEB5281374C4001F3471 /* Project object */ = {
			isa = PBXProject;
			attributes = {
				BuildIndependentTargetsInParallel = 1;
				LastSwiftUpdateCheck = 1330;
				LastUpgradeCheck = 1330;
				TargetAttributes = {
					AB04A49A285285BE00EC7C05 = {
						CreatedOnToolsVersion = 13.3.1;
					};
					AB28DEBC281374C4001F3471 = {
						CreatedOnToolsVersion = 13.3;
					};
					AB3AA75A28563E160006EA4F = {
						CreatedOnToolsVersion = 13.3.1;
					};
					AB98D4F82853DC6000F95561 = {
						CreatedOnToolsVersion = 13.3.1;
					};
					ABC4AD35284BB39300B5942A = {
						CreatedOnToolsVersion = 13.3.1;
					};
				};
			};
			buildConfigurationList = AB28DEB8281374C4001F3471 /* Build configuration list for PBXProject "Swidget" */;
			compatibilityVersion = "Xcode 13.0";
			developmentRegion = en;
			hasScannedForEncodings = 0;
			knownRegions = (
				en,
				Base,
			);
			mainGroup = AB28DEB4281374C4001F3471;
			productRefGroup = AB28DEBE281374C4001F3471 /* Products */;
			projectDirPath = "";
			projectRoot = "";
			targets = (
				AB28DEBC281374C4001F3471 /* Swidget */,
				ABC4AD35284BB39300B5942A /* RandomMovieWidgetExtension */,
				AB04A49A285285BE00EC7C05 /* RewindWidgetExtension */,
				AB98D4F82853DC6000F95561 /* CategoryWidgetExtension */,
				AB3AA75A28563E160006EA4F /* SwidgetIntents */,
			);
		};
/* End PBXProject section */

/* Begin PBXResourcesBuildPhase section */
		AB04A499285285BE00EC7C05 /* Resources */ = {
			isa = PBXResourcesBuildPhase;
			buildActionMask = 2147483647;
			files = (
				AB04A4A2285285BF00EC7C05 /* Assets.xcassets in Resources */,
			);
			runOnlyForDeploymentPostprocessing = 0;
		};
		AB28DEBB281374C4001F3471 /* Resources */ = {
			isa = PBXResourcesBuildPhase;
			buildActionMask = 2147483647;
			files = (
				AB28DEC8281374C6001F3471 /* Preview Assets.xcassets in Resources */,
				AB28DEC5281374C6001F3471 /* Assets.xcassets in Resources */,
			);
			runOnlyForDeploymentPostprocessing = 0;
		};
		AB3AA75928563E160006EA4F /* Resources */ = {
			isa = PBXResourcesBuildPhase;
			buildActionMask = 2147483647;
			files = (
			);
			runOnlyForDeploymentPostprocessing = 0;
		};
		AB98D4F72853DC6000F95561 /* Resources */ = {
			isa = PBXResourcesBuildPhase;
			buildActionMask = 2147483647;
			files = (
				AB98D5012853DC6100F95561 /* Assets.xcassets in Resources */,
			);
			runOnlyForDeploymentPostprocessing = 0;
		};
		ABC4AD34284BB39300B5942A /* Resources */ = {
			isa = PBXResourcesBuildPhase;
			buildActionMask = 2147483647;
			files = (
				ABC4AD40284BB39400B5942A /* Assets.xcassets in Resources */,
			);
			runOnlyForDeploymentPostprocessing = 0;
		};
/* End PBXResourcesBuildPhase section */

/* Begin PBXSourcesBuildPhase section */
		AB04A497285285BE00EC7C05 /* Sources */ = {
			isa = PBXSourcesBuildPhase;
			buildActionMask = 2147483647;
			files = (
				AB04A4A0285285BE00EC7C05 /* RewindWidget.swift in Sources */,
				AB04A4B72852BD0D00EC7C05 /* LargeSizeView.swift in Sources */,
				AB04A4B52852BCF200EC7C05 /* MediumSizeView.swift in Sources */,
				AB04A4B1285285DB00EC7C05 /* Movie.swift in Sources */,
				AB04A4AB285285DB00EC7C05 /* Utils.swift in Sources */,
				AB04A4AD285285DB00EC7C05 /* MovieDataService.swift in Sources */,
				AB04A4B92852C8DA00EC7C05 /* SmallSizeView.swift in Sources */,
			);
			runOnlyForDeploymentPostprocessing = 0;
		};
		AB28DEB9281374C4001F3471 /* Sources */ = {
			isa = PBXSourcesBuildPhase;
			buildActionMask = 2147483647;
			files = (
				ABA916BA284D11020089A9E9 /* MovieSliderView.swift in Sources */,
				ABC4AD27284B677100B5942A /* Utils.swift in Sources */,
				AB28DEC3281374C4001F3471 /* StartPageView.swift in Sources */,
				AB3AA76A285673120006EA4F /* CategoryWidget.intentdefinition in Sources */,
				ABA916BC284D15570089A9E9 /* MoviesOverviewView.swift in Sources */,
				AB28DEC1281374C4001F3471 /* SwidgetApp.swift in Sources */,
				AB3AA76C2857CAA20006EA4F /* SearchMovieView.swift in Sources */,
				ABC4AD20284B631800B5942A /* Movie.swift in Sources */,
				AB3AA76E2857D6220006EA4F /* MovieDetailView.swift in Sources */,
				AB3AA777285A7DFA0006EA4F /* AppDataModel.swift in Sources */,
				AB3AA7742858E55A0006EA4F /* SearchBar.swift in Sources */,
				AB04A49528521C9E00EC7C05 /* MovieDataService.swift in Sources */,
			);
			runOnlyForDeploymentPostprocessing = 0;
		};
		AB3AA75728563E160006EA4F /* Sources */ = {
			isa = PBXSourcesBuildPhase;
			buildActionMask = 2147483647;
			files = (
				AB3AA76828563E4F0006EA4F /* CategoryWidget.intentdefinition in Sources */,
				AB3AA76028563E160006EA4F /* IntentHandler.swift in Sources */,
			);
			runOnlyForDeploymentPostprocessing = 0;
		};
		AB98D4F52853DC6000F95561 /* Sources */ = {
			isa = PBXSourcesBuildPhase;
			buildActionMask = 2147483647;
			files = (
				AB3AA756285539930006EA4F /* LargeSizeView.swift in Sources */,
				AB98D50F2853DCA800F95561 /* Movie.swift in Sources */,
				AB98D5032853DC6100F95561 /* CategoryWidget.intentdefinition in Sources */,
				AB98D4FE2853DC6000F95561 /* CategoryWidget.swift in Sources */,
				AB3AA769285641740006EA4F /* IntentHandler.swift in Sources */,
				AB98D50D2853DCA800F95561 /* MovieDataService.swift in Sources */,
				AB3AA754285539800006EA4F /* MediumSizeView.swift in Sources */,
				AB98D5102853DCA800F95561 /* Utils.swift in Sources */,
			);
			runOnlyForDeploymentPostprocessing = 0;
		};
		ABC4AD32284BB39300B5942A /* Sources */ = {
			isa = PBXSourcesBuildPhase;
			buildActionMask = 2147483647;
			files = (
				ABC4AD3E284BB39300B5942A /* RandomMovieWidget.swift in Sources */,
				ABA916B3284CEA8E0089A9E9 /* MediumSizeView.swift in Sources */,
				ABA916B5284CEAAB0089A9E9 /* SmallSizeView.swift in Sources */,
				ABC4AD4B284BB43E00B5942A /* Movie.swift in Sources */,
				AB04A49628521C9E00EC7C05 /* MovieDataService.swift in Sources */,
				ABC4AD4F284BB50400B5942A /* Utils.swift in Sources */,
			);
			runOnlyForDeploymentPostprocessing = 0;
		};
/* End PBXSourcesBuildPhase section */

/* Begin PBXTargetDependency section */
		AB04A4A5285285BF00EC7C05 /* PBXTargetDependency */ = {
			isa = PBXTargetDependency;
			target = AB04A49A285285BE00EC7C05 /* RewindWidgetExtension */;
			targetProxy = AB04A4A4285285BF00EC7C05 /* PBXContainerItemProxy */;
		};
		AB3AA76328563E160006EA4F /* PBXTargetDependency */ = {
			isa = PBXTargetDependency;
			target = AB3AA75A28563E160006EA4F /* SwidgetIntents */;
			targetProxy = AB3AA76228563E160006EA4F /* PBXContainerItemProxy */;
		};
		AB98D5062853DC6100F95561 /* PBXTargetDependency */ = {
			isa = PBXTargetDependency;
			target = AB98D4F82853DC6000F95561 /* CategoryWidgetExtension */;
			targetProxy = AB98D5052853DC6100F95561 /* PBXContainerItemProxy */;
		};
		ABC4AD43284BB39400B5942A /* PBXTargetDependency */ = {
			isa = PBXTargetDependency;
			target = ABC4AD35284BB39300B5942A /* RandomMovieWidgetExtension */;
			targetProxy = ABC4AD42284BB39400B5942A /* PBXContainerItemProxy */;
		};
/* End PBXTargetDependency section */

/* Begin XCBuildConfiguration section */
		AB04A4A8285285BF00EC7C05 /* Debug */ = {
			isa = XCBuildConfiguration;
			buildSettings = {
				ASSETCATALOG_COMPILER_GLOBAL_ACCENT_COLOR_NAME = AccentColor;
				ASSETCATALOG_COMPILER_WIDGET_BACKGROUND_COLOR_NAME = WidgetBackground;
				CODE_SIGN_STYLE = Automatic;
				CURRENT_PROJECT_VERSION = 1;
				DEVELOPMENT_TEAM = C23UW3NA42;
				GENERATE_INFOPLIST_FILE = YES;
				INFOPLIST_FILE = RewindWidget/Info.plist;
				INFOPLIST_KEY_CFBundleDisplayName = RewindWidget;
				INFOPLIST_KEY_NSHumanReadableCopyright = "";
				LD_RUNPATH_SEARCH_PATHS = (
					"$(inherited)",
					"@executable_path/Frameworks",
					"@executable_path/../../Frameworks",
				);
				MARKETING_VERSION = 1.0;
				PRODUCT_BUNDLE_IDENTIFIER = dhbw.Swidget.RewindWidget;
				PRODUCT_NAME = "$(TARGET_NAME)";
				SKIP_INSTALL = YES;
				SWIFT_EMIT_LOC_STRINGS = YES;
				SWIFT_VERSION = 5.0;
				TARGETED_DEVICE_FAMILY = "1,2";
			};
			name = Debug;
		};
		AB04A4A9285285BF00EC7C05 /* Release */ = {
			isa = XCBuildConfiguration;
			buildSettings = {
				ASSETCATALOG_COMPILER_GLOBAL_ACCENT_COLOR_NAME = AccentColor;
				ASSETCATALOG_COMPILER_WIDGET_BACKGROUND_COLOR_NAME = WidgetBackground;
				CODE_SIGN_STYLE = Automatic;
				CURRENT_PROJECT_VERSION = 1;
				DEVELOPMENT_TEAM = C23UW3NA42;
				GENERATE_INFOPLIST_FILE = YES;
				INFOPLIST_FILE = RewindWidget/Info.plist;
				INFOPLIST_KEY_CFBundleDisplayName = RewindWidget;
				INFOPLIST_KEY_NSHumanReadableCopyright = "";
				LD_RUNPATH_SEARCH_PATHS = (
					"$(inherited)",
					"@executable_path/Frameworks",
					"@executable_path/../../Frameworks",
				);
				MARKETING_VERSION = 1.0;
				PRODUCT_BUNDLE_IDENTIFIER = dhbw.Swidget.RewindWidget;
				PRODUCT_NAME = "$(TARGET_NAME)";
				SKIP_INSTALL = YES;
				SWIFT_EMIT_LOC_STRINGS = YES;
				SWIFT_VERSION = 5.0;
				TARGETED_DEVICE_FAMILY = "1,2";
			};
			name = Release;
		};
		AB28DEC9281374C6001F3471 /* Debug */ = {
			isa = XCBuildConfiguration;
			buildSettings = {
				ALWAYS_SEARCH_USER_PATHS = NO;
				CLANG_ANALYZER_NONNULL = YES;
				CLANG_ANALYZER_NUMBER_OBJECT_CONVERSION = YES_AGGRESSIVE;
				CLANG_CXX_LANGUAGE_STANDARD = "gnu++17";
				CLANG_ENABLE_MODULES = YES;
				CLANG_ENABLE_OBJC_ARC = YES;
				CLANG_ENABLE_OBJC_WEAK = YES;
				CLANG_WARN_BLOCK_CAPTURE_AUTORELEASING = YES;
				CLANG_WARN_BOOL_CONVERSION = YES;
				CLANG_WARN_COMMA = YES;
				CLANG_WARN_CONSTANT_CONVERSION = YES;
				CLANG_WARN_DEPRECATED_OBJC_IMPLEMENTATIONS = YES;
				CLANG_WARN_DIRECT_OBJC_ISA_USAGE = YES_ERROR;
				CLANG_WARN_DOCUMENTATION_COMMENTS = YES;
				CLANG_WARN_EMPTY_BODY = YES;
				CLANG_WARN_ENUM_CONVERSION = YES;
				CLANG_WARN_INFINITE_RECURSION = YES;
				CLANG_WARN_INT_CONVERSION = YES;
				CLANG_WARN_NON_LITERAL_NULL_CONVERSION = YES;
				CLANG_WARN_OBJC_IMPLICIT_RETAIN_SELF = YES;
				CLANG_WARN_OBJC_LITERAL_CONVERSION = YES;
				CLANG_WARN_OBJC_ROOT_CLASS = YES_ERROR;
				CLANG_WARN_QUOTED_INCLUDE_IN_FRAMEWORK_HEADER = YES;
				CLANG_WARN_RANGE_LOOP_ANALYSIS = YES;
				CLANG_WARN_STRICT_PROTOTYPES = YES;
				CLANG_WARN_SUSPICIOUS_MOVE = YES;
				CLANG_WARN_UNGUARDED_AVAILABILITY = YES_AGGRESSIVE;
				CLANG_WARN_UNREACHABLE_CODE = YES;
				CLANG_WARN__DUPLICATE_METHOD_MATCH = YES;
				COPY_PHASE_STRIP = NO;
				DEBUG_INFORMATION_FORMAT = dwarf;
				ENABLE_STRICT_OBJC_MSGSEND = YES;
				ENABLE_TESTABILITY = YES;
				GCC_C_LANGUAGE_STANDARD = gnu11;
				GCC_DYNAMIC_NO_PIC = NO;
				GCC_NO_COMMON_BLOCKS = YES;
				GCC_OPTIMIZATION_LEVEL = 0;
				GCC_PREPROCESSOR_DEFINITIONS = (
					"DEBUG=1",
					"$(inherited)",
				);
				GCC_WARN_64_TO_32_BIT_CONVERSION = YES;
				GCC_WARN_ABOUT_RETURN_TYPE = YES_ERROR;
				GCC_WARN_UNDECLARED_SELECTOR = YES;
				GCC_WARN_UNINITIALIZED_AUTOS = YES_AGGRESSIVE;
				GCC_WARN_UNUSED_FUNCTION = YES;
				GCC_WARN_UNUSED_VARIABLE = YES;
				IPHONEOS_DEPLOYMENT_TARGET = 15.4;
				MTL_ENABLE_DEBUG_INFO = INCLUDE_SOURCE;
				MTL_FAST_MATH = YES;
				ONLY_ACTIVE_ARCH = YES;
				SDKROOT = iphoneos;
				SWIFT_ACTIVE_COMPILATION_CONDITIONS = DEBUG;
				SWIFT_OPTIMIZATION_LEVEL = "-Onone";
			};
			name = Debug;
		};
		AB28DECA281374C6001F3471 /* Release */ = {
			isa = XCBuildConfiguration;
			buildSettings = {
				ALWAYS_SEARCH_USER_PATHS = NO;
				CLANG_ANALYZER_NONNULL = YES;
				CLANG_ANALYZER_NUMBER_OBJECT_CONVERSION = YES_AGGRESSIVE;
				CLANG_CXX_LANGUAGE_STANDARD = "gnu++17";
				CLANG_ENABLE_MODULES = YES;
				CLANG_ENABLE_OBJC_ARC = YES;
				CLANG_ENABLE_OBJC_WEAK = YES;
				CLANG_WARN_BLOCK_CAPTURE_AUTORELEASING = YES;
				CLANG_WARN_BOOL_CONVERSION = YES;
				CLANG_WARN_COMMA = YES;
				CLANG_WARN_CONSTANT_CONVERSION = YES;
				CLANG_WARN_DEPRECATED_OBJC_IMPLEMENTATIONS = YES;
				CLANG_WARN_DIRECT_OBJC_ISA_USAGE = YES_ERROR;
				CLANG_WARN_DOCUMENTATION_COMMENTS = YES;
				CLANG_WARN_EMPTY_BODY = YES;
				CLANG_WARN_ENUM_CONVERSION = YES;
				CLANG_WARN_INFINITE_RECURSION = YES;
				CLANG_WARN_INT_CONVERSION = YES;
				CLANG_WARN_NON_LITERAL_NULL_CONVERSION = YES;
				CLANG_WARN_OBJC_IMPLICIT_RETAIN_SELF = YES;
				CLANG_WARN_OBJC_LITERAL_CONVERSION = YES;
				CLANG_WARN_OBJC_ROOT_CLASS = YES_ERROR;
				CLANG_WARN_QUOTED_INCLUDE_IN_FRAMEWORK_HEADER = YES;
				CLANG_WARN_RANGE_LOOP_ANALYSIS = YES;
				CLANG_WARN_STRICT_PROTOTYPES = YES;
				CLANG_WARN_SUSPICIOUS_MOVE = YES;
				CLANG_WARN_UNGUARDED_AVAILABILITY = YES_AGGRESSIVE;
				CLANG_WARN_UNREACHABLE_CODE = YES;
				CLANG_WARN__DUPLICATE_METHOD_MATCH = YES;
				COPY_PHASE_STRIP = NO;
				DEBUG_INFORMATION_FORMAT = "dwarf-with-dsym";
				ENABLE_NS_ASSERTIONS = NO;
				ENABLE_STRICT_OBJC_MSGSEND = YES;
				GCC_C_LANGUAGE_STANDARD = gnu11;
				GCC_NO_COMMON_BLOCKS = YES;
				GCC_WARN_64_TO_32_BIT_CONVERSION = YES;
				GCC_WARN_ABOUT_RETURN_TYPE = YES_ERROR;
				GCC_WARN_UNDECLARED_SELECTOR = YES;
				GCC_WARN_UNINITIALIZED_AUTOS = YES_AGGRESSIVE;
				GCC_WARN_UNUSED_FUNCTION = YES;
				GCC_WARN_UNUSED_VARIABLE = YES;
				IPHONEOS_DEPLOYMENT_TARGET = 15.4;
				MTL_ENABLE_DEBUG_INFO = NO;
				MTL_FAST_MATH = YES;
				SDKROOT = iphoneos;
				SWIFT_COMPILATION_MODE = wholemodule;
				SWIFT_OPTIMIZATION_LEVEL = "-O";
				VALIDATE_PRODUCT = YES;
			};
			name = Release;
		};
		AB28DECC281374C6001F3471 /* Debug */ = {
			isa = XCBuildConfiguration;
			buildSettings = {
				ALWAYS_EMBED_SWIFT_STANDARD_LIBRARIES = YES;
				ASSETCATALOG_COMPILER_APPICON_NAME = AppIcon;
				ASSETCATALOG_COMPILER_GLOBAL_ACCENT_COLOR_NAME = AccentColor;
				CODE_SIGN_STYLE = Automatic;
				CURRENT_PROJECT_VERSION = 1;
				DEVELOPMENT_ASSET_PATHS = "\"Swidget/Preview Content\"";
				DEVELOPMENT_TEAM = C23UW3NA42;
				ENABLE_PREVIEWS = YES;
				GENERATE_INFOPLIST_FILE = YES;
				INFOPLIST_FILE = Swidget/Info.plist;
				INFOPLIST_KEY_UIApplicationSceneManifest_Generation = YES;
				INFOPLIST_KEY_UIApplicationSupportsIndirectInputEvents = YES;
				INFOPLIST_KEY_UILaunchScreen_Generation = YES;
				INFOPLIST_KEY_UISupportedInterfaceOrientations_iPad = "UIInterfaceOrientationPortrait UIInterfaceOrientationPortraitUpsideDown UIInterfaceOrientationLandscapeLeft UIInterfaceOrientationLandscapeRight";
				INFOPLIST_KEY_UISupportedInterfaceOrientations_iPhone = "UIInterfaceOrientationPortrait UIInterfaceOrientationLandscapeLeft UIInterfaceOrientationLandscapeRight";
				LD_RUNPATH_SEARCH_PATHS = (
					"$(inherited)",
					"@executable_path/Frameworks",
				);
				MARKETING_VERSION = 1.0;
				PRODUCT_BUNDLE_IDENTIFIER = dhbw.Swidget;
				PRODUCT_NAME = "$(TARGET_NAME)";
				SWIFT_EMIT_LOC_STRINGS = YES;
				SWIFT_VERSION = 5.0;
				TARGETED_DEVICE_FAMILY = "1,2";
			};
			name = Debug;
		};
		AB28DECD281374C6001F3471 /* Release */ = {
			isa = XCBuildConfiguration;
			buildSettings = {
				ALWAYS_EMBED_SWIFT_STANDARD_LIBRARIES = YES;
				ASSETCATALOG_COMPILER_APPICON_NAME = AppIcon;
				ASSETCATALOG_COMPILER_GLOBAL_ACCENT_COLOR_NAME = AccentColor;
				CODE_SIGN_STYLE = Automatic;
				CURRENT_PROJECT_VERSION = 1;
				DEVELOPMENT_ASSET_PATHS = "\"Swidget/Preview Content\"";
				DEVELOPMENT_TEAM = C23UW3NA42;
				ENABLE_PREVIEWS = YES;
				GENERATE_INFOPLIST_FILE = YES;
				INFOPLIST_FILE = Swidget/Info.plist;
				INFOPLIST_KEY_UIApplicationSceneManifest_Generation = YES;
				INFOPLIST_KEY_UIApplicationSupportsIndirectInputEvents = YES;
				INFOPLIST_KEY_UILaunchScreen_Generation = YES;
				INFOPLIST_KEY_UISupportedInterfaceOrientations_iPad = "UIInterfaceOrientationPortrait UIInterfaceOrientationPortraitUpsideDown UIInterfaceOrientationLandscapeLeft UIInterfaceOrientationLandscapeRight";
				INFOPLIST_KEY_UISupportedInterfaceOrientations_iPhone = "UIInterfaceOrientationPortrait UIInterfaceOrientationLandscapeLeft UIInterfaceOrientationLandscapeRight";
				LD_RUNPATH_SEARCH_PATHS = (
					"$(inherited)",
					"@executable_path/Frameworks",
				);
				MARKETING_VERSION = 1.0;
				PRODUCT_BUNDLE_IDENTIFIER = dhbw.Swidget;
				PRODUCT_NAME = "$(TARGET_NAME)";
				SWIFT_EMIT_LOC_STRINGS = YES;
				SWIFT_VERSION = 5.0;
				TARGETED_DEVICE_FAMILY = "1,2";
			};
			name = Release;
		};
		AB3AA76628563E160006EA4F /* Debug */ = {
			isa = XCBuildConfiguration;
			buildSettings = {
				CODE_SIGN_STYLE = Automatic;
				CURRENT_PROJECT_VERSION = 1;
				DEVELOPMENT_TEAM = C23UW3NA42;
				GENERATE_INFOPLIST_FILE = YES;
				INFOPLIST_FILE = SwidgetIntents/Info.plist;
				INFOPLIST_KEY_CFBundleDisplayName = SwidgetIntents;
				INFOPLIST_KEY_NSHumanReadableCopyright = "";
				LD_RUNPATH_SEARCH_PATHS = (
					"$(inherited)",
					"@executable_path/Frameworks",
					"@executable_path/../../Frameworks",
				);
				MARKETING_VERSION = 1.0;
				PRODUCT_BUNDLE_IDENTIFIER = dhbw.Swidget.SwidgetIntents;
				PRODUCT_NAME = "$(TARGET_NAME)";
				SKIP_INSTALL = YES;
				SWIFT_EMIT_LOC_STRINGS = YES;
				SWIFT_VERSION = 5.0;
				TARGETED_DEVICE_FAMILY = "1,2";
			};
			name = Debug;
		};
		AB3AA76728563E160006EA4F /* Release */ = {
			isa = XCBuildConfiguration;
			buildSettings = {
				CODE_SIGN_STYLE = Automatic;
				CURRENT_PROJECT_VERSION = 1;
				DEVELOPMENT_TEAM = C23UW3NA42;
				GENERATE_INFOPLIST_FILE = YES;
				INFOPLIST_FILE = SwidgetIntents/Info.plist;
				INFOPLIST_KEY_CFBundleDisplayName = SwidgetIntents;
				INFOPLIST_KEY_NSHumanReadableCopyright = "";
				LD_RUNPATH_SEARCH_PATHS = (
					"$(inherited)",
					"@executable_path/Frameworks",
					"@executable_path/../../Frameworks",
				);
				MARKETING_VERSION = 1.0;
				PRODUCT_BUNDLE_IDENTIFIER = dhbw.Swidget.SwidgetIntents;
				PRODUCT_NAME = "$(TARGET_NAME)";
				SKIP_INSTALL = YES;
				SWIFT_EMIT_LOC_STRINGS = YES;
				SWIFT_VERSION = 5.0;
				TARGETED_DEVICE_FAMILY = "1,2";
			};
			name = Release;
		};
		AB98D5082853DC6100F95561 /* Debug */ = {
			isa = XCBuildConfiguration;
			buildSettings = {
				ASSETCATALOG_COMPILER_GLOBAL_ACCENT_COLOR_NAME = AccentColor;
				ASSETCATALOG_COMPILER_WIDGET_BACKGROUND_COLOR_NAME = WidgetBackground;
				CODE_SIGN_STYLE = Automatic;
				CURRENT_PROJECT_VERSION = 1;
				DEVELOPMENT_TEAM = C23UW3NA42;
				GENERATE_INFOPLIST_FILE = YES;
				INFOPLIST_FILE = CategoryWidget/Info.plist;
				INFOPLIST_KEY_CFBundleDisplayName = CategoryWidget;
				INFOPLIST_KEY_NSHumanReadableCopyright = "";
				LD_RUNPATH_SEARCH_PATHS = (
					"$(inherited)",
					"@executable_path/Frameworks",
					"@executable_path/../../Frameworks",
				);
				MARKETING_VERSION = 1.0;
				PRODUCT_BUNDLE_IDENTIFIER = dhbw.Swidget.CategoryWidget;
				PRODUCT_NAME = "$(TARGET_NAME)";
				SKIP_INSTALL = YES;
				SWIFT_EMIT_LOC_STRINGS = YES;
				SWIFT_VERSION = 5.0;
				TARGETED_DEVICE_FAMILY = "1,2";
			};
			name = Debug;
		};
		AB98D5092853DC6100F95561 /* Release */ = {
			isa = XCBuildConfiguration;
			buildSettings = {
				ASSETCATALOG_COMPILER_GLOBAL_ACCENT_COLOR_NAME = AccentColor;
				ASSETCATALOG_COMPILER_WIDGET_BACKGROUND_COLOR_NAME = WidgetBackground;
				CODE_SIGN_STYLE = Automatic;
				CURRENT_PROJECT_VERSION = 1;
				DEVELOPMENT_TEAM = C23UW3NA42;
				GENERATE_INFOPLIST_FILE = YES;
				INFOPLIST_FILE = CategoryWidget/Info.plist;
				INFOPLIST_KEY_CFBundleDisplayName = CategoryWidget;
				INFOPLIST_KEY_NSHumanReadableCopyright = "";
				LD_RUNPATH_SEARCH_PATHS = (
					"$(inherited)",
					"@executable_path/Frameworks",
					"@executable_path/../../Frameworks",
				);
				MARKETING_VERSION = 1.0;
				PRODUCT_BUNDLE_IDENTIFIER = dhbw.Swidget.CategoryWidget;
				PRODUCT_NAME = "$(TARGET_NAME)";
				SKIP_INSTALL = YES;
				SWIFT_EMIT_LOC_STRINGS = YES;
				SWIFT_VERSION = 5.0;
				TARGETED_DEVICE_FAMILY = "1,2";
			};
			name = Release;
		};
		ABC4AD46284BB39400B5942A /* Debug */ = {
			isa = XCBuildConfiguration;
			buildSettings = {
				ASSETCATALOG_COMPILER_GLOBAL_ACCENT_COLOR_NAME = AccentColor;
				ASSETCATALOG_COMPILER_WIDGET_BACKGROUND_COLOR_NAME = WidgetBackground;
				CODE_SIGN_STYLE = Automatic;
				CURRENT_PROJECT_VERSION = 1;
				DEVELOPMENT_TEAM = C23UW3NA42;
				GENERATE_INFOPLIST_FILE = YES;
				INFOPLIST_FILE = RandomMovieWidget/Info.plist;
				INFOPLIST_KEY_CFBundleDisplayName = RandomMovieWidget;
				INFOPLIST_KEY_NSHumanReadableCopyright = "";
				LD_RUNPATH_SEARCH_PATHS = (
					"$(inherited)",
					"@executable_path/Frameworks",
					"@executable_path/../../Frameworks",
				);
				MARKETING_VERSION = 1.0;
				PRODUCT_BUNDLE_IDENTIFIER = dhbw.Swidget.RandomMovieWidget;
				PRODUCT_NAME = "$(TARGET_NAME)";
				SKIP_INSTALL = YES;
				SWIFT_EMIT_LOC_STRINGS = YES;
				SWIFT_VERSION = 5.0;
				TARGETED_DEVICE_FAMILY = "1,2";
			};
			name = Debug;
		};
		ABC4AD47284BB39400B5942A /* Release */ = {
			isa = XCBuildConfiguration;
			buildSettings = {
				ASSETCATALOG_COMPILER_GLOBAL_ACCENT_COLOR_NAME = AccentColor;
				ASSETCATALOG_COMPILER_WIDGET_BACKGROUND_COLOR_NAME = WidgetBackground;
				CODE_SIGN_STYLE = Automatic;
				CURRENT_PROJECT_VERSION = 1;
				DEVELOPMENT_TEAM = C23UW3NA42;
				GENERATE_INFOPLIST_FILE = YES;
				INFOPLIST_FILE = RandomMovieWidget/Info.plist;
				INFOPLIST_KEY_CFBundleDisplayName = RandomMovieWidget;
				INFOPLIST_KEY_NSHumanReadableCopyright = "";
				LD_RUNPATH_SEARCH_PATHS = (
					"$(inherited)",
					"@executable_path/Frameworks",
					"@executable_path/../../Frameworks",
				);
				MARKETING_VERSION = 1.0;
				PRODUCT_BUNDLE_IDENTIFIER = dhbw.Swidget.RandomMovieWidget;
				PRODUCT_NAME = "$(TARGET_NAME)";
				SKIP_INSTALL = YES;
				SWIFT_EMIT_LOC_STRINGS = YES;
				SWIFT_VERSION = 5.0;
				TARGETED_DEVICE_FAMILY = "1,2";
			};
			name = Release;
		};
/* End XCBuildConfiguration section */

/* Begin XCConfigurationList section */
		AB04A4A7285285BF00EC7C05 /* Build configuration list for PBXNativeTarget "RewindWidgetExtension" */ = {
			isa = XCConfigurationList;
			buildConfigurations = (
				AB04A4A8285285BF00EC7C05 /* Debug */,
				AB04A4A9285285BF00EC7C05 /* Release */,
			);
			defaultConfigurationIsVisible = 0;
			defaultConfigurationName = Release;
		};
		AB28DEB8281374C4001F3471 /* Build configuration list for PBXProject "Swidget" */ = {
			isa = XCConfigurationList;
			buildConfigurations = (
				AB28DEC9281374C6001F3471 /* Debug */,
				AB28DECA281374C6001F3471 /* Release */,
			);
			defaultConfigurationIsVisible = 0;
			defaultConfigurationName = Release;
		};
		AB28DECB281374C6001F3471 /* Build configuration list for PBXNativeTarget "Swidget" */ = {
			isa = XCConfigurationList;
			buildConfigurations = (
				AB28DECC281374C6001F3471 /* Debug */,
				AB28DECD281374C6001F3471 /* Release */,
			);
			defaultConfigurationIsVisible = 0;
			defaultConfigurationName = Release;
		};
		AB3AA76528563E160006EA4F /* Build configuration list for PBXNativeTarget "SwidgetIntents" */ = {
			isa = XCConfigurationList;
			buildConfigurations = (
				AB3AA76628563E160006EA4F /* Debug */,
				AB3AA76728563E160006EA4F /* Release */,
			);
			defaultConfigurationIsVisible = 0;
			defaultConfigurationName = Release;
		};
		AB98D50A2853DC6100F95561 /* Build configuration list for PBXNativeTarget "CategoryWidgetExtension" */ = {
			isa = XCConfigurationList;
			buildConfigurations = (
				AB98D5082853DC6100F95561 /* Debug */,
				AB98D5092853DC6100F95561 /* Release */,
			);
			defaultConfigurationIsVisible = 0;
			defaultConfigurationName = Release;
		};
		ABC4AD45284BB39400B5942A /* Build configuration list for PBXNativeTarget "RandomMovieWidgetExtension" */ = {
			isa = XCConfigurationList;
			buildConfigurations = (
				ABC4AD46284BB39400B5942A /* Debug */,
				ABC4AD47284BB39400B5942A /* Release */,
			);
			defaultConfigurationIsVisible = 0;
			defaultConfigurationName = Release;
		};
/* End XCConfigurationList section */
	};
	rootObject = AB28DEB5281374C4001F3471 /* Project object */;
}
