// !$*UTF8*$!
{
	archiveVersion = 1;
	classes = {
	};
	objectVersion = 55;
	objects = {

/* Begin PBXBuildFile section */
		AB28DEC1281374C4001F3471 /* SwidgetApp.swift in Sources */ = {isa = PBXBuildFile; fileRef = AB28DEC0281374C4001F3471 /* SwidgetApp.swift */; };
		AB28DEC3281374C4001F3471 /* ContentView.swift in Sources */ = {isa = PBXBuildFile; fileRef = AB28DEC2281374C4001F3471 /* ContentView.swift */; };
		AB28DEC5281374C6001F3471 /* Assets.xcassets in Resources */ = {isa = PBXBuildFile; fileRef = AB28DEC4281374C6001F3471 /* Assets.xcassets */; };
		AB28DEC8281374C6001F3471 /* Preview Assets.xcassets in Resources */ = {isa = PBXBuildFile; fileRef = AB28DEC7281374C6001F3471 /* Preview Assets.xcassets */; };
		ABC4AD20284B631800B5942A /* Movie.swift in Sources */ = {isa = PBXBuildFile; fileRef = ABC4AD1F284B631800B5942A /* Movie.swift */; };
		ABC4AD23284B643B00B5942A /* MovieService.swift in Sources */ = {isa = PBXBuildFile; fileRef = ABC4AD22284B643B00B5942A /* MovieService.swift */; };
		ABC4AD25284B663000B5942A /* MovieStore.swift in Sources */ = {isa = PBXBuildFile; fileRef = ABC4AD24284B663000B5942A /* MovieStore.swift */; };
		ABC4AD27284B677100B5942A /* Utils.swift in Sources */ = {isa = PBXBuildFile; fileRef = ABC4AD26284B677100B5942A /* Utils.swift */; };
		ABC4AD2D284B799C00B5942A /* ImageLoader.swift in Sources */ = {isa = PBXBuildFile; fileRef = ABC4AD2C284B799C00B5942A /* ImageLoader.swift */; };
/* End PBXBuildFile section */

/* Begin PBXFileReference section */
		AB28DEBD281374C4001F3471 /* Swidget.app */ = {isa = PBXFileReference; explicitFileType = wrapper.application; includeInIndex = 0; path = Swidget.app; sourceTree = BUILT_PRODUCTS_DIR; };
		AB28DEC0281374C4001F3471 /* SwidgetApp.swift */ = {isa = PBXFileReference; lastKnownFileType = sourcecode.swift; path = SwidgetApp.swift; sourceTree = "<group>"; };
		AB28DEC2281374C4001F3471 /* ContentView.swift */ = {isa = PBXFileReference; lastKnownFileType = sourcecode.swift; path = ContentView.swift; sourceTree = "<group>"; };
		AB28DEC4281374C6001F3471 /* Assets.xcassets */ = {isa = PBXFileReference; lastKnownFileType = folder.assetcatalog; path = Assets.xcassets; sourceTree = "<group>"; };
		AB28DEC7281374C6001F3471 /* Preview Assets.xcassets */ = {isa = PBXFileReference; lastKnownFileType = folder.assetcatalog; path = "Preview Assets.xcassets"; sourceTree = "<group>"; };
		ABC4AD1F284B631800B5942A /* Movie.swift */ = {isa = PBXFileReference; lastKnownFileType = sourcecode.swift; path = Movie.swift; sourceTree = "<group>"; };
		ABC4AD22284B643B00B5942A /* MovieService.swift */ = {isa = PBXFileReference; lastKnownFileType = sourcecode.swift; path = MovieService.swift; sourceTree = "<group>"; };
		ABC4AD24284B663000B5942A /* MovieStore.swift */ = {isa = PBXFileReference; lastKnownFileType = sourcecode.swift; path = MovieStore.swift; sourceTree = "<group>"; };
		ABC4AD26284B677100B5942A /* Utils.swift */ = {isa = PBXFileReference; lastKnownFileType = sourcecode.swift; path = Utils.swift; sourceTree = "<group>"; };
		ABC4AD2C284B799C00B5942A /* ImageLoader.swift */ = {isa = PBXFileReference; lastKnownFileType = sourcecode.swift; path = ImageLoader.swift; sourceTree = "<group>"; };
/* End PBXFileReference section */

/* Begin PBXFrameworksBuildPhase section */
		AB28DEBA281374C4001F3471 /* Frameworks */ = {
			isa = PBXFrameworksBuildPhase;
			buildActionMask = 2147483647;
			files = (
			);
			runOnlyForDeploymentPostprocessing = 0;
		};
/* End PBXFrameworksBuildPhase section */

/* Begin PBXGroup section */
		AB28DEB4281374C4001F3471 = {
			isa = PBXGroup;
			children = (
				AB28DEBF281374C4001F3471 /* Swidget */,
				AB28DEBE281374C4001F3471 /* Products */,
			);
			sourceTree = "<group>";
		};
		AB28DEBE281374C4001F3471 /* Products */ = {
			isa = PBXGroup;
			children = (
				AB28DEBD281374C4001F3471 /* Swidget.app */,
			);
			name = Products;
			sourceTree = "<group>";
		};
		AB28DEBF281374C4001F3471 /* Swidget */ = {
			isa = PBXGroup;
			children = (
				ABC4AD2B284B797E00B5942A /* Bindings */,
				ABC4AD2A284B78F900B5942A /* Views */,
				ABC4AD21284B642100B5942A /* Services */,
				ABC4AD1E284B62FA00B5942A /* Models */,
				AB28DEC0281374C4001F3471 /* SwidgetApp.swift */,
				AB28DEC2281374C4001F3471 /* ContentView.swift */,
				AB28DEC4281374C6001F3471 /* Assets.xcassets */,
				AB28DEC6281374C6001F3471 /* Preview Content */,
				ABC4AD26284B677100B5942A /* Utils.swift */,
			);
			path = Swidget;
			sourceTree = "<group>";
		};
		AB28DEC6281374C6001F3471 /* Preview Content */ = {
			isa = PBXGroup;
			children = (
				AB28DEC7281374C6001F3471 /* Preview Assets.xcassets */,
			);
			path = "Preview Content";
			sourceTree = "<group>";
		};
		ABC4AD1E284B62FA00B5942A /* Models */ = {
			isa = PBXGroup;
			children = (
				ABC4AD1F284B631800B5942A /* Movie.swift */,
			);
			path = Models;
			sourceTree = "<group>";
		};
		ABC4AD21284B642100B5942A /* Services */ = {
			isa = PBXGroup;
			children = (
				ABC4AD22284B643B00B5942A /* MovieService.swift */,
				ABC4AD24284B663000B5942A /* MovieStore.swift */,
			);
			path = Services;
			sourceTree = "<group>";
		};
		ABC4AD2A284B78F900B5942A /* Views */ = {
			isa = PBXGroup;
			children = (
			);
			path = Views;
			sourceTree = "<group>";
		};
		ABC4AD2B284B797E00B5942A /* Bindings */ = {
			isa = PBXGroup;
			children = (
				ABC4AD2C284B799C00B5942A /* ImageLoader.swift */,
			);
			path = Bindings;
			sourceTree = "<group>";
		};
/* End PBXGroup section */

/* Begin PBXNativeTarget section */
		AB28DEBC281374C4001F3471 /* Swidget */ = {
			isa = PBXNativeTarget;
			buildConfigurationList = AB28DECB281374C6001F3471 /* Build configuration list for PBXNativeTarget "Swidget" */;
			buildPhases = (
				AB28DEB9281374C4001F3471 /* Sources */,
				AB28DEBA281374C4001F3471 /* Frameworks */,
				AB28DEBB281374C4001F3471 /* Resources */,
			);
			buildRules = (
			);
			dependencies = (
			);
			name = Swidget;
			productName = Swidget;
			productReference = AB28DEBD281374C4001F3471 /* Swidget.app */;
			productType = "com.apple.product-type.application";
		};
/* End PBXNativeTarget section */

/* Begin PBXProject section */
		AB28DEB5281374C4001F3471 /* Project object */ = {
			isa = PBXProject;
			attributes = {
				BuildIndependentTargetsInParallel = 1;
				LastSwiftUpdateCheck = 1330;
				LastUpgradeCheck = 1330;
				TargetAttributes = {
					AB28DEBC281374C4001F3471 = {
						CreatedOnToolsVersion = 13.3;
					};
				};
			};
			buildConfigurationList = AB28DEB8281374C4001F3471 /* Build configuration list for PBXProject "Swidget" */;
			compatibilityVersion = "Xcode 13.0";
			developmentRegion = en;
			hasScannedForEncodings = 0;
			knownRegions = (
				en,
				Base,
			);
			mainGroup = AB28DEB4281374C4001F3471;
			productRefGroup = AB28DEBE281374C4001F3471 /* Products */;
			projectDirPath = "";
			projectRoot = "";
			targets = (
				AB28DEBC281374C4001F3471 /* Swidget */,
			);
		};
/* End PBXProject section */

/* Begin PBXResourcesBuildPhase section */
		AB28DEBB281374C4001F3471 /* Resources */ = {
			isa = PBXResourcesBuildPhase;
			buildActionMask = 2147483647;
			files = (
				AB28DEC8281374C6001F3471 /* Preview Assets.xcassets in Resources */,
				AB28DEC5281374C6001F3471 /* Assets.xcassets in Resources */,
			);
			runOnlyForDeploymentPostprocessing = 0;
		};
/* End PBXResourcesBuildPhase section */

/* Begin PBXSourcesBuildPhase section */
		AB28DEB9281374C4001F3471 /* Sources */ = {
			isa = PBXSourcesBuildPhase;
			buildActionMask = 2147483647;
			files = (
				ABC4AD2D284B799C00B5942A /* ImageLoader.swift in Sources */,
				ABC4AD27284B677100B5942A /* Utils.swift in Sources */,
				AB28DEC3281374C4001F3471 /* ContentView.swift in Sources */,
				AB28DEC1281374C4001F3471 /* SwidgetApp.swift in Sources */,
				ABC4AD23284B643B00B5942A /* MovieService.swift in Sources */,
				ABC4AD20284B631800B5942A /* Movie.swift in Sources */,
				ABC4AD25284B663000B5942A /* MovieStore.swift in Sources */,
			);
			runOnlyForDeploymentPostprocessing = 0;
		};
/* End PBXSourcesBuildPhase section */

/* Begin XCBuildConfiguration section */
		AB28DEC9281374C6001F3471 /* Debug */ = {
			isa = XCBuildConfiguration;
			buildSettings = {
				ALWAYS_SEARCH_USER_PATHS = NO;
				CLANG_ANALYZER_NONNULL = YES;
				CLANG_ANALYZER_NUMBER_OBJECT_CONVERSION = YES_AGGRESSIVE;
				CLANG_CXX_LANGUAGE_STANDARD = "gnu++17";
				CLANG_ENABLE_MODULES = YES;
				CLANG_ENABLE_OBJC_ARC = YES;
				CLANG_ENABLE_OBJC_WEAK = YES;
				CLANG_WARN_BLOCK_CAPTURE_AUTORELEASING = YES;
				CLANG_WARN_BOOL_CONVERSION = YES;
				CLANG_WARN_COMMA = YES;
				CLANG_WARN_CONSTANT_CONVERSION = YES;
				CLANG_WARN_DEPRECATED_OBJC_IMPLEMENTATIONS = YES;
				CLANG_WARN_DIRECT_OBJC_ISA_USAGE = YES_ERROR;
				CLANG_WARN_DOCUMENTATION_COMMENTS = YES;
				CLANG_WARN_EMPTY_BODY = YES;
				CLANG_WARN_ENUM_CONVERSION = YES;
				CLANG_WARN_INFINITE_RECURSION = YES;
				CLANG_WARN_INT_CONVERSION = YES;
				CLANG_WARN_NON_LITERAL_NULL_CONVERSION = YES;
				CLANG_WARN_OBJC_IMPLICIT_RETAIN_SELF = YES;
				CLANG_WARN_OBJC_LITERAL_CONVERSION = YES;
				CLANG_WARN_OBJC_ROOT_CLASS = YES_ERROR;
				CLANG_WARN_QUOTED_INCLUDE_IN_FRAMEWORK_HEADER = YES;
				CLANG_WARN_RANGE_LOOP_ANALYSIS = YES;
				CLANG_WARN_STRICT_PROTOTYPES = YES;
				CLANG_WARN_SUSPICIOUS_MOVE = YES;
				CLANG_WARN_UNGUARDED_AVAILABILITY = YES_AGGRESSIVE;
				CLANG_WARN_UNREACHABLE_CODE = YES;
				CLANG_WARN__DUPLICATE_METHOD_MATCH = YES;
				COPY_PHASE_STRIP = NO;
				DEBUG_INFORMATION_FORMAT = dwarf;
				ENABLE_STRICT_OBJC_MSGSEND = YES;
				ENABLE_TESTABILITY = YES;
				GCC_C_LANGUAGE_STANDARD = gnu11;
				GCC_DYNAMIC_NO_PIC = NO;
				GCC_NO_COMMON_BLOCKS = YES;
				GCC_OPTIMIZATION_LEVEL = 0;
				GCC_PREPROCESSOR_DEFINITIONS = (
					"DEBUG=1",
					"$(inherited)",
				);
				GCC_WARN_64_TO_32_BIT_CONVERSION = YES;
				GCC_WARN_ABOUT_RETURN_TYPE = YES_ERROR;
				GCC_WARN_UNDECLARED_SELECTOR = YES;
				GCC_WARN_UNINITIALIZED_AUTOS = YES_AGGRESSIVE;
				GCC_WARN_UNUSED_FUNCTION = YES;
				GCC_WARN_UNUSED_VARIABLE = YES;
				IPHONEOS_DEPLOYMENT_TARGET = 15.4;
				MTL_ENABLE_DEBUG_INFO = INCLUDE_SOURCE;
				MTL_FAST_MATH = YES;
				ONLY_ACTIVE_ARCH = YES;
				SDKROOT = iphoneos;
				SWIFT_ACTIVE_COMPILATION_CONDITIONS = DEBUG;
				SWIFT_OPTIMIZATION_LEVEL = "-Onone";
			};
			name = Debug;
		};
		AB28DECA281374C6001F3471 /* Release */ = {
			isa = XCBuildConfiguration;
			buildSettings = {
				ALWAYS_SEARCH_USER_PATHS = NO;
				CLANG_ANALYZER_NONNULL = YES;
				CLANG_ANALYZER_NUMBER_OBJECT_CONVERSION = YES_AGGRESSIVE;
				CLANG_CXX_LANGUAGE_STANDARD = "gnu++17";
				CLANG_ENABLE_MODULES = YES;
				CLANG_ENABLE_OBJC_ARC = YES;
				CLANG_ENABLE_OBJC_WEAK = YES;
				CLANG_WARN_BLOCK_CAPTURE_AUTORELEASING = YES;
				CLANG_WARN_BOOL_CONVERSION = YES;
				CLANG_WARN_COMMA = YES;
				CLANG_WARN_CONSTANT_CONVERSION = YES;
				CLANG_WARN_DEPRECATED_OBJC_IMPLEMENTATIONS = YES;
				CLANG_WARN_DIRECT_OBJC_ISA_USAGE = YES_ERROR;
				CLANG_WARN_DOCUMENTATION_COMMENTS = YES;
				CLANG_WARN_EMPTY_BODY = YES;
				CLANG_WARN_ENUM_CONVERSION = YES;
				CLANG_WARN_INFINITE_RECURSION = YES;
				CLANG_WARN_INT_CONVERSION = YES;
				CLANG_WARN_NON_LITERAL_NULL_CONVERSION = YES;
				CLANG_WARN_OBJC_IMPLICIT_RETAIN_SELF = YES;
				CLANG_WARN_OBJC_LITERAL_CONVERSION = YES;
				CLANG_WARN_OBJC_ROOT_CLASS = YES_ERROR;
				CLANG_WARN_QUOTED_INCLUDE_IN_FRAMEWORK_HEADER = YES;
				CLANG_WARN_RANGE_LOOP_ANALYSIS = YES;
				CLANG_WARN_STRICT_PROTOTYPES = YES;
				CLANG_WARN_SUSPICIOUS_MOVE = YES;
				CLANG_WARN_UNGUARDED_AVAILABILITY = YES_AGGRESSIVE;
				CLANG_WARN_UNREACHABLE_CODE = YES;
				CLANG_WARN__DUPLICATE_METHOD_MATCH = YES;
				COPY_PHASE_STRIP = NO;
				DEBUG_INFORMATION_FORMAT = "dwarf-with-dsym";
				ENABLE_NS_ASSERTIONS = NO;
				ENABLE_STRICT_OBJC_MSGSEND = YES;
				GCC_C_LANGUAGE_STANDARD = gnu11;
				GCC_NO_COMMON_BLOCKS = YES;
				GCC_WARN_64_TO_32_BIT_CONVERSION = YES;
				GCC_WARN_ABOUT_RETURN_TYPE = YES_ERROR;
				GCC_WARN_UNDECLARED_SELECTOR = YES;
				GCC_WARN_UNINITIALIZED_AUTOS = YES_AGGRESSIVE;
				GCC_WARN_UNUSED_FUNCTION = YES;
				GCC_WARN_UNUSED_VARIABLE = YES;
				IPHONEOS_DEPLOYMENT_TARGET = 15.4;
				MTL_ENABLE_DEBUG_INFO = NO;
				MTL_FAST_MATH = YES;
				SDKROOT = iphoneos;
				SWIFT_COMPILATION_MODE = wholemodule;
				SWIFT_OPTIMIZATION_LEVEL = "-O";
				VALIDATE_PRODUCT = YES;
			};
			name = Release;
		};
		AB28DECC281374C6001F3471 /* Debug */ = {
			isa = XCBuildConfiguration;
			buildSettings = {
				ASSETCATALOG_COMPILER_APPICON_NAME = AppIcon;
				ASSETCATALOG_COMPILER_GLOBAL_ACCENT_COLOR_NAME = AccentColor;
				CODE_SIGN_STYLE = Automatic;
				CURRENT_PROJECT_VERSION = 1;
				DEVELOPMENT_ASSET_PATHS = "\"Swidget/Preview Content\"";
				DEVELOPMENT_TEAM = C23UW3NA42;
				ENABLE_PREVIEWS = YES;
				GENERATE_INFOPLIST_FILE = YES;
				INFOPLIST_KEY_UIApplicationSceneManifest_Generation = YES;
				INFOPLIST_KEY_UIApplicationSupportsIndirectInputEvents = YES;
				INFOPLIST_KEY_UILaunchScreen_Generation = YES;
				INFOPLIST_KEY_UISupportedInterfaceOrientations_iPad = "UIInterfaceOrientationPortrait UIInterfaceOrientationPortraitUpsideDown UIInterfaceOrientationLandscapeLeft UIInterfaceOrientationLandscapeRight";
				INFOPLIST_KEY_UISupportedInterfaceOrientations_iPhone = "UIInterfaceOrientationPortrait UIInterfaceOrientationLandscapeLeft UIInterfaceOrientationLandscapeRight";
				LD_RUNPATH_SEARCH_PATHS = (
					"$(inherited)",
					"@executable_path/Frameworks",
				);
				MARKETING_VERSION = 1.0;
				PRODUCT_BUNDLE_IDENTIFIER = dhbw.Swidget;
				PRODUCT_NAME = "$(TARGET_NAME)";
				SWIFT_EMIT_LOC_STRINGS = YES;
				SWIFT_VERSION = 5.0;
				TARGETED_DEVICE_FAMILY = "1,2";
			};
			name = Debug;
		};
		AB28DECD281374C6001F3471 /* Release */ = {
			isa = XCBuildConfiguration;
			buildSettings = {
				ASSETCATALOG_COMPILER_APPICON_NAME = AppIcon;
				ASSETCATALOG_COMPILER_GLOBAL_ACCENT_COLOR_NAME = AccentColor;
				CODE_SIGN_STYLE = Automatic;
				CURRENT_PROJECT_VERSION = 1;
				DEVELOPMENT_ASSET_PATHS = "\"Swidget/Preview Content\"";
				DEVELOPMENT_TEAM = C23UW3NA42;
				ENABLE_PREVIEWS = YES;
				GENERATE_INFOPLIST_FILE = YES;
				INFOPLIST_KEY_UIApplicationSceneManifest_Generation = YES;
				INFOPLIST_KEY_UIApplicationSupportsIndirectInputEvents = YES;
				INFOPLIST_KEY_UILaunchScreen_Generation = YES;
				INFOPLIST_KEY_UISupportedInterfaceOrientations_iPad = "UIInterfaceOrientationPortrait UIInterfaceOrientationPortraitUpsideDown UIInterfaceOrientationLandscapeLeft UIInterfaceOrientationLandscapeRight";
				INFOPLIST_KEY_UISupportedInterfaceOrientations_iPhone = "UIInterfaceOrientationPortrait UIInterfaceOrientationLandscapeLeft UIInterfaceOrientationLandscapeRight";
				LD_RUNPATH_SEARCH_PATHS = (
					"$(inherited)",
					"@executable_path/Frameworks",
				);
				MARKETING_VERSION = 1.0;
				PRODUCT_BUNDLE_IDENTIFIER = dhbw.Swidget;
				PRODUCT_NAME = "$(TARGET_NAME)";
				SWIFT_EMIT_LOC_STRINGS = YES;
				SWIFT_VERSION = 5.0;
				TARGETED_DEVICE_FAMILY = "1,2";
			};
			name = Release;
		};
/* End XCBuildConfiguration section */

/* Begin XCConfigurationList section */
		AB28DEB8281374C4001F3471 /* Build configuration list for PBXProject "Swidget" */ = {
			isa = XCConfigurationList;
			buildConfigurations = (
				AB28DEC9281374C6001F3471 /* Debug */,
				AB28DECA281374C6001F3471 /* Release */,
			);
			defaultConfigurationIsVisible = 0;
			defaultConfigurationName = Release;
		};
		AB28DECB281374C6001F3471 /* Build configuration list for PBXNativeTarget "Swidget" */ = {
			isa = XCConfigurationList;
			buildConfigurations = (
				AB28DECC281374C6001F3471 /* Debug */,
				AB28DECD281374C6001F3471 /* Release */,
			);
			defaultConfigurationIsVisible = 0;
			defaultConfigurationName = Release;
		};
/* End XCConfigurationList section */
	};
	rootObject = AB28DEB5281374C4001F3471 /* Project object */;
}
